// !$*UTF8*$!
{
	archiveVersion = 1;
	classes = {
	};
	objectVersion = 46;
	objects = {

/* Begin PBXBuildFile section */
		B202510E182429DE0058D92B /* Foundation.framework in Frameworks */ = {isa = PBXBuildFile; fileRef = B202510D182429DE0058D92B /* Foundation.framework */; };
		B2025110182429DE0058D92B /* CoreGraphics.framework in Frameworks */ = {isa = PBXBuildFile; fileRef = B202510F182429DE0058D92B /* CoreGraphics.framework */; };
		B2025112182429DE0058D92B /* UIKit.framework in Frameworks */ = {isa = PBXBuildFile; fileRef = B2025111182429DE0058D92B /* UIKit.framework */; };
		B2025118182429DE0058D92B /* InfoPlist.strings in Resources */ = {isa = PBXBuildFile; fileRef = B2025116182429DE0058D92B /* InfoPlist.strings */; };
		B202511A182429DE0058D92B /* main.m in Sources */ = {isa = PBXBuildFile; fileRef = B2025119182429DE0058D92B /* main.m */; };
		B202511E182429DE0058D92B /* AppDelegate.m in Sources */ = {isa = PBXBuildFile; fileRef = B202511D182429DE0058D92B /* AppDelegate.m */; };
		B2025121182429DE0058D92B /* Main.storyboard in Resources */ = {isa = PBXBuildFile; fileRef = B202511F182429DE0058D92B /* Main.storyboard */; };
		B2025124182429DE0058D92B /* ViewController.m in Sources */ = {isa = PBXBuildFile; fileRef = B2025123182429DE0058D92B /* ViewController.m */; };
		B2025126182429DE0058D92B /* Images.xcassets in Resources */ = {isa = PBXBuildFile; fileRef = B2025125182429DE0058D92B /* Images.xcassets */; };
		B202512D182429DE0058D92B /* XCTest.framework in Frameworks */ = {isa = PBXBuildFile; fileRef = B202512C182429DE0058D92B /* XCTest.framework */; };
		B202512E182429DE0058D92B /* Foundation.framework in Frameworks */ = {isa = PBXBuildFile; fileRef = B202510D182429DE0058D92B /* Foundation.framework */; };
		B202512F182429DE0058D92B /* UIKit.framework in Frameworks */ = {isa = PBXBuildFile; fileRef = B2025111182429DE0058D92B /* UIKit.framework */; };
		B2025137182429DE0058D92B /* InfoPlist.strings in Resources */ = {isa = PBXBuildFile; fileRef = B2025135182429DE0058D92B /* InfoPlist.strings */; };
		B2025139182429DE0058D92B /* CCSegmentedControlDemoTests.m in Sources */ = {isa = PBXBuildFile; fileRef = B2025138182429DE0058D92B /* CCSegmentedControlDemoTests.m */; };
		B202514518242A3B0058D92B /* CCSegmentedControl.m in Sources */ = {isa = PBXBuildFile; fileRef = B202514418242A3B0058D92B /* CCSegmentedControl.m */; };
		B202514918242BB00058D92B /* segment_bg.png in Resources */ = {isa = PBXBuildFile; fileRef = B202514718242BB00058D92B /* segment_bg.png */; };
		B202514A18242BB00058D92B /* stain.png in Resources */ = {isa = PBXBuildFile; fileRef = B202514818242BB00058D92B /* stain.png */; };
/* End PBXBuildFile section */

/* Begin PBXContainerItemProxy section */
		B2025130182429DE0058D92B /* PBXContainerItemProxy */ = {
			isa = PBXContainerItemProxy;
			containerPortal = B2025102182429DE0058D92B /* Project object */;
			proxyType = 1;
			remoteGlobalIDString = B2025109182429DE0058D92B;
			remoteInfo = CCSegmentedControlDemo;
		};
/* End PBXContainerItemProxy section */

/* Begin PBXFileReference section */
		B202510A182429DE0058D92B /* CCSegmentedControlDemo.app */ = {isa = PBXFileReference; explicitFileType = wrapper.application; includeInIndex = 0; path = CCSegmentedControlDemo.app; sourceTree = BUILT_PRODUCTS_DIR; };
		B202510D182429DE0058D92B /* Foundation.framework */ = {isa = PBXFileReference; lastKnownFileType = wrapper.framework; name = Foundation.framework; path = System/Library/Frameworks/Foundation.framework; sourceTree = SDKROOT; };
		B202510F182429DE0058D92B /* CoreGraphics.framework */ = {isa = PBXFileReference; lastKnownFileType = wrapper.framework; name = CoreGraphics.framework; path = System/Library/Frameworks/CoreGraphics.framework; sourceTree = SDKROOT; };
		B2025111182429DE0058D92B /* UIKit.framework */ = {isa = PBXFileReference; lastKnownFileType = wrapper.framework; name = UIKit.framework; path = System/Library/Frameworks/UIKit.framework; sourceTree = SDKROOT; };
		B2025115182429DE0058D92B /* CCSegmentedControlDemo-Info.plist */ = {isa = PBXFileReference; lastKnownFileType = text.plist.xml; path = "CCSegmentedControlDemo-Info.plist"; sourceTree = "<group>"; };
		B2025117182429DE0058D92B /* en */ = {isa = PBXFileReference; lastKnownFileType = text.plist.strings; name = en; path = en.lproj/InfoPlist.strings; sourceTree = "<group>"; };
		B2025119182429DE0058D92B /* main.m */ = {isa = PBXFileReference; lastKnownFileType = sourcecode.c.objc; path = main.m; sourceTree = "<group>"; };
		B202511B182429DE0058D92B /* CCSegmentedControlDemo-Prefix.pch */ = {isa = PBXFileReference; lastKnownFileType = sourcecode.c.h; path = "CCSegmentedControlDemo-Prefix.pch"; sourceTree = "<group>"; };
		B202511C182429DE0058D92B /* AppDelegate.h */ = {isa = PBXFileReference; lastKnownFileType = sourcecode.c.h; path = AppDelegate.h; sourceTree = "<group>"; };
		B202511D182429DE0058D92B /* AppDelegate.m */ = {isa = PBXFileReference; lastKnownFileType = sourcecode.c.objc; path = AppDelegate.m; sourceTree = "<group>"; };
		B2025120182429DE0058D92B /* Base */ = {isa = PBXFileReference; lastKnownFileType = file.storyboard; name = Base; path = Base.lproj/Main.storyboard; sourceTree = "<group>"; };
		B2025122182429DE0058D92B /* ViewController.h */ = {isa = PBXFileReference; lastKnownFileType = sourcecode.c.h; path = ViewController.h; sourceTree = "<group>"; };
		B2025123182429DE0058D92B /* ViewController.m */ = {isa = PBXFileReference; lastKnownFileType = sourcecode.c.objc; path = ViewController.m; sourceTree = "<group>"; };
		B2025125182429DE0058D92B /* Images.xcassets */ = {isa = PBXFileReference; lastKnownFileType = folder.assetcatalog; path = Images.xcassets; sourceTree = "<group>"; };
		B202512B182429DE0058D92B /* CCSegmentedControlDemoTests.xctest */ = {isa = PBXFileReference; explicitFileType = wrapper.cfbundle; includeInIndex = 0; path = CCSegmentedControlDemoTests.xctest; sourceTree = BUILT_PRODUCTS_DIR; };
		B202512C182429DE0058D92B /* XCTest.framework */ = {isa = PBXFileReference; lastKnownFileType = wrapper.framework; name = XCTest.framework; path = Library/Frameworks/XCTest.framework; sourceTree = DEVELOPER_DIR; };
		B2025134182429DE0058D92B /* CCSegmentedControlDemoTests-Info.plist */ = {isa = PBXFileReference; lastKnownFileType = text.plist.xml; path = "CCSegmentedControlDemoTests-Info.plist"; sourceTree = "<group>"; };
		B2025136182429DE0058D92B /* en */ = {isa = PBXFileReference; lastKnownFileType = text.plist.strings; name = en; path = en.lproj/InfoPlist.strings; sourceTree = "<group>"; };
		B2025138182429DE0058D92B /* CCSegmentedControlDemoTests.m */ = {isa = PBXFileReference; lastKnownFileType = sourcecode.c.objc; path = CCSegmentedControlDemoTests.m; sourceTree = "<group>"; };
		B202514318242A3B0058D92B /* CCSegmentedControl.h */ = {isa = PBXFileReference; fileEncoding = 4; lastKnownFileType = sourcecode.c.h; path = CCSegmentedControl.h; sourceTree = "<group>"; };
		B202514418242A3B0058D92B /* CCSegmentedControl.m */ = {isa = PBXFileReference; fileEncoding = 4; lastKnownFileType = sourcecode.c.objc; path = CCSegmentedControl.m; sourceTree = "<group>"; };
		B202514718242BB00058D92B /* segment_bg.png */ = {isa = PBXFileReference; lastKnownFileType = image.png; path = segment_bg.png; sourceTree = "<group>"; };
		B202514818242BB00058D92B /* stain.png */ = {isa = PBXFileReference; lastKnownFileType = image.png; path = stain.png; sourceTree = "<group>"; };
/* End PBXFileReference section */

/* Begin PBXFrameworksBuildPhase section */
		B2025107182429DE0058D92B /* Frameworks */ = {
			isa = PBXFrameworksBuildPhase;
			buildActionMask = 2147483647;
			files = (
				B2025110182429DE0058D92B /* CoreGraphics.framework in Frameworks */,
				B2025112182429DE0058D92B /* UIKit.framework in Frameworks */,
				B202510E182429DE0058D92B /* Foundation.framework in Frameworks */,
			);
			runOnlyForDeploymentPostprocessing = 0;
		};
		B2025128182429DE0058D92B /* Frameworks */ = {
			isa = PBXFrameworksBuildPhase;
			buildActionMask = 2147483647;
			files = (
				B202512D182429DE0058D92B /* XCTest.framework in Frameworks */,
				B202512F182429DE0058D92B /* UIKit.framework in Frameworks */,
				B202512E182429DE0058D92B /* Foundation.framework in Frameworks */,
			);
			runOnlyForDeploymentPostprocessing = 0;
		};
/* End PBXFrameworksBuildPhase section */

/* Begin PBXGroup section */
		B2025101182429DE0058D92B = {
			isa = PBXGroup;
			children = (
				B2025113182429DE0058D92B /* CCSegmentedControlDemo */,
				B2025132182429DE0058D92B /* CCSegmentedControlDemoTests */,
				B202510C182429DE0058D92B /* Frameworks */,
				B202510B182429DE0058D92B /* Products */,
			);
			sourceTree = "<group>";
		};
		B202510B182429DE0058D92B /* Products */ = {
			isa = PBXGroup;
			children = (
				B202510A182429DE0058D92B /* CCSegmentedControlDemo.app */,
				B202512B182429DE0058D92B /* CCSegmentedControlDemoTests.xctest */,
			);
			name = Products;
			sourceTree = "<group>";
		};
		B202510C182429DE0058D92B /* Frameworks */ = {
			isa = PBXGroup;
			children = (
				B202510D182429DE0058D92B /* Foundation.framework */,
				B202510F182429DE0058D92B /* CoreGraphics.framework */,
				B2025111182429DE0058D92B /* UIKit.framework */,
				B202512C182429DE0058D92B /* XCTest.framework */,
			);
			name = Frameworks;
			sourceTree = "<group>";
		};
		B2025113182429DE0058D92B /* CCSegmentedControlDemo */ = {
			isa = PBXGroup;
			children = (
				B202514618242BB00058D92B /* Images */,
				B202514218242A3B0058D92B /* CCSegmentedControl */,
				B202511C182429DE0058D92B /* AppDelegate.h */,
				B202511D182429DE0058D92B /* AppDelegate.m */,
				B202511F182429DE0058D92B /* Main.storyboard */,
				B2025122182429DE0058D92B /* ViewController.h */,
				B2025123182429DE0058D92B /* ViewController.m */,
				B2025125182429DE0058D92B /* Images.xcassets */,
				B2025114182429DE0058D92B /* Supporting Files */,
			);
			path = CCSegmentedControlDemo;
			sourceTree = "<group>";
		};
		B2025114182429DE0058D92B /* Supporting Files */ = {
			isa = PBXGroup;
			children = (
				B2025115182429DE0058D92B /* CCSegmentedControlDemo-Info.plist */,
				B2025116182429DE0058D92B /* InfoPlist.strings */,
				B2025119182429DE0058D92B /* main.m */,
				B202511B182429DE0058D92B /* CCSegmentedControlDemo-Prefix.pch */,
			);
			name = "Supporting Files";
			sourceTree = "<group>";
		};
		B2025132182429DE0058D92B /* CCSegmentedControlDemoTests */ = {
			isa = PBXGroup;
			children = (
				B2025138182429DE0058D92B /* CCSegmentedControlDemoTests.m */,
				B2025133182429DE0058D92B /* Supporting Files */,
			);
			path = CCSegmentedControlDemoTests;
			sourceTree = "<group>";
		};
		B2025133182429DE0058D92B /* Supporting Files */ = {
			isa = PBXGroup;
			children = (
				B2025134182429DE0058D92B /* CCSegmentedControlDemoTests-Info.plist */,
				B2025135182429DE0058D92B /* InfoPlist.strings */,
			);
			name = "Supporting Files";
			sourceTree = "<group>";
		};
		B202514218242A3B0058D92B /* CCSegmentedControl */ = {
			isa = PBXGroup;
			children = (
				B202514318242A3B0058D92B /* CCSegmentedControl.h */,
				B202514418242A3B0058D92B /* CCSegmentedControl.m */,
			);
			name = CCSegmentedControl;
			path = ../../CCSegmentedControl;
			sourceTree = "<group>";
		};
		B202514618242BB00058D92B /* Images */ = {
			isa = PBXGroup;
			children = (
				B202514718242BB00058D92B /* segment_bg.png */,
				B202514818242BB00058D92B /* stain.png */,
			);
			path = Images;
			sourceTree = SOURCE_ROOT;
		};
/* End PBXGroup section */

/* Begin PBXNativeTarget section */
		B2025109182429DE0058D92B /* CCSegmentedControlDemo */ = {
			isa = PBXNativeTarget;
			buildConfigurationList = B202513C182429DE0058D92B /* Build configuration list for PBXNativeTarget "CCSegmentedControlDemo" */;
			buildPhases = (
				B2025106182429DE0058D92B /* Sources */,
				B2025107182429DE0058D92B /* Frameworks */,
				B2025108182429DE0058D92B /* Resources */,
			);
			buildRules = (
			);
			dependencies = (
			);
			name = CCSegmentedControlDemo;
			productName = CCSegmentedControlDemo;
			productReference = B202510A182429DE0058D92B /* CCSegmentedControlDemo.app */;
			productType = "com.apple.product-type.application";
		};
		B202512A182429DE0058D92B /* CCSegmentedControlDemoTests */ = {
			isa = PBXNativeTarget;
			buildConfigurationList = B202513F182429DE0058D92B /* Build configuration list for PBXNativeTarget "CCSegmentedControlDemoTests" */;
			buildPhases = (
				B2025127182429DE0058D92B /* Sources */,
				B2025128182429DE0058D92B /* Frameworks */,
				B2025129182429DE0058D92B /* Resources */,
			);
			buildRules = (
			);
			dependencies = (
				B2025131182429DE0058D92B /* PBXTargetDependency */,
			);
			name = CCSegmentedControlDemoTests;
			productName = CCSegmentedControlDemoTests;
			productReference = B202512B182429DE0058D92B /* CCSegmentedControlDemoTests.xctest */;
			productType = "com.apple.product-type.bundle.unit-test";
		};
/* End PBXNativeTarget section */

/* Begin PBXProject section */
		B2025102182429DE0058D92B /* Project object */ = {
			isa = PBXProject;
			attributes = {
				LastUpgradeCheck = 0500;
				ORGANIZATIONNAME = ccnyou;
				TargetAttributes = {
					B202512A182429DE0058D92B = {
						TestTargetID = B2025109182429DE0058D92B;
					};
				};
			};
			buildConfigurationList = B2025105182429DE0058D92B /* Build configuration list for PBXProject "CCSegmentedControlDemo" */;
			compatibilityVersion = "Xcode 3.2";
			developmentRegion = English;
			hasScannedForEncodings = 0;
			knownRegions = (
				en,
				Base,
			);
			mainGroup = B2025101182429DE0058D92B;
			productRefGroup = B202510B182429DE0058D92B /* Products */;
			projectDirPath = "";
			projectRoot = "";
			targets = (
				B2025109182429DE0058D92B /* CCSegmentedControlDemo */,
				B202512A182429DE0058D92B /* CCSegmentedControlDemoTests */,
			);
		};
/* End PBXProject section */

/* Begin PBXResourcesBuildPhase section */
		B2025108182429DE0058D92B /* Resources */ = {
			isa = PBXResourcesBuildPhase;
			buildActionMask = 2147483647;
			files = (
				B202514918242BB00058D92B /* segment_bg.png in Resources */,
				B2025126182429DE0058D92B /* Images.xcassets in Resources */,
				B2025118182429DE0058D92B /* InfoPlist.strings in Resources */,
				B2025121182429DE0058D92B /* Main.storyboard in Resources */,
				B202514A18242BB00058D92B /* stain.png in Resources */,
			);
			runOnlyForDeploymentPostprocessing = 0;
		};
		B2025129182429DE0058D92B /* Resources */ = {
			isa = PBXResourcesBuildPhase;
			buildActionMask = 2147483647;
			files = (
				B2025137182429DE0058D92B /* InfoPlist.strings in Resources */,
			);
			runOnlyForDeploymentPostprocessing = 0;
		};
/* End PBXResourcesBuildPhase section */

/* Begin PBXSourcesBuildPhase section */
		B2025106182429DE0058D92B /* Sources */ = {
			isa = PBXSourcesBuildPhase;
			buildActionMask = 2147483647;
			files = (
				B2025124182429DE0058D92B /* ViewController.m in Sources */,
				B202511E182429DE0058D92B /* AppDelegate.m in Sources */,
				B202514518242A3B0058D92B /* CCSegmentedControl.m in Sources */,
				B202511A182429DE0058D92B /* main.m in Sources */,
			);
			runOnlyForDeploymentPostprocessing = 0;
		};
		B2025127182429DE0058D92B /* Sources */ = {
			isa = PBXSourcesBuildPhase;
			buildActionMask = 2147483647;
			files = (
				B2025139182429DE0058D92B /* CCSegmentedControlDemoTests.m in Sources */,
			);
			runOnlyForDeploymentPostprocessing = 0;
		};
/* End PBXSourcesBuildPhase section */

/* Begin PBXTargetDependency section */
		B2025131182429DE0058D92B /* PBXTargetDependency */ = {
			isa = PBXTargetDependency;
			target = B2025109182429DE0058D92B /* CCSegmentedControlDemo */;
			targetProxy = B2025130182429DE0058D92B /* PBXContainerItemProxy */;
		};
/* End PBXTargetDependency section */

/* Begin PBXVariantGroup section */
		B2025116182429DE0058D92B /* InfoPlist.strings */ = {
			isa = PBXVariantGroup;
			children = (
				B2025117182429DE0058D92B /* en */,
			);
			name = InfoPlist.strings;
			sourceTree = "<group>";
		};
		B202511F182429DE0058D92B /* Main.storyboard */ = {
			isa = PBXVariantGroup;
			children = (
				B2025120182429DE0058D92B /* Base */,
			);
			name = Main.storyboard;
			sourceTree = "<group>";
		};
		B2025135182429DE0058D92B /* InfoPlist.strings */ = {
			isa = PBXVariantGroup;
			children = (
				B2025136182429DE0058D92B /* en */,
			);
			name = InfoPlist.strings;
			sourceTree = "<group>";
		};
/* End PBXVariantGroup section */

/* Begin XCBuildConfiguration section */
		B202513A182429DE0058D92B /* Debug */ = {
			isa = XCBuildConfiguration;
			buildSettings = {
				ALWAYS_SEARCH_USER_PATHS = NO;
				ARCHS = "$(ARCHS_STANDARD_INCLUDING_64_BIT)";
				CLANG_CXX_LANGUAGE_STANDARD = "gnu++0x";
				CLANG_CXX_LIBRARY = "libc++";
				CLANG_ENABLE_MODULES = YES;
				CLANG_ENABLE_OBJC_ARC = YES;
				CLANG_WARN_BOOL_CONVERSION = YES;
				CLANG_WARN_CONSTANT_CONVERSION = YES;
				CLANG_WARN_DIRECT_OBJC_ISA_USAGE = YES_ERROR;
				CLANG_WARN_EMPTY_BODY = YES;
				CLANG_WARN_ENUM_CONVERSION = YES;
				CLANG_WARN_INT_CONVERSION = YES;
				CLANG_WARN_OBJC_ROOT_CLASS = YES_ERROR;
				CLANG_WARN__DUPLICATE_METHOD_MATCH = YES;
				"CODE_SIGN_IDENTITY[sdk=iphoneos*]" = "iPhone Developer";
				COPY_PHASE_STRIP = NO;
				GCC_C_LANGUAGE_STANDARD = gnu99;
				GCC_DYNAMIC_NO_PIC = NO;
				GCC_OPTIMIZATION_LEVEL = 0;
				GCC_PREPROCESSOR_DEFINITIONS = (
					"DEBUG=1",
					"$(inherited)",
				);
				GCC_SYMBOLS_PRIVATE_EXTERN = NO;
				GCC_WARN_64_TO_32_BIT_CONVERSION = YES;
				GCC_WARN_ABOUT_RETURN_TYPE = YES_ERROR;
				GCC_WARN_UNDECLARED_SELECTOR = YES;
				GCC_WARN_UNINITIALIZED_AUTOS = YES;
				GCC_WARN_UNUSED_FUNCTION = YES;
				GCC_WARN_UNUSED_VARIABLE = YES;
				IPHONEOS_DEPLOYMENT_TARGET = 6.1;
				ONLY_ACTIVE_ARCH = YES;
				SDKROOT = iphoneos;
			};
			name = Debug;
		};
		B202513B182429DE0058D92B /* Release */ = {
			isa = XCBuildConfiguration;
			buildSettings = {
				ALWAYS_SEARCH_USER_PATHS = NO;
				ARCHS = "$(ARCHS_STANDARD_INCLUDING_64_BIT)";
				CLANG_CXX_LANGUAGE_STANDARD = "gnu++0x";
				CLANG_CXX_LIBRARY = "libc++";
				CLANG_ENABLE_MODULES = YES;
				CLANG_ENABLE_OBJC_ARC = YES;
				CLANG_WARN_BOOL_CONVERSION = YES;
				CLANG_WARN_CONSTANT_CONVERSION = YES;
				CLANG_WARN_DIRECT_OBJC_ISA_USAGE = YES_ERROR;
				CLANG_WARN_EMPTY_BODY = YES;
				CLANG_WARN_ENUM_CONVERSION = YES;
				CLANG_WARN_INT_CONVERSION = YES;
				CLANG_WARN_OBJC_ROOT_CLASS = YES_ERROR;
				CLANG_WARN__DUPLICATE_METHOD_MATCH = YES;
				"CODE_SIGN_IDENTITY[sdk=iphoneos*]" = "iPhone Developer";
				COPY_PHASE_STRIP = YES;
				ENABLE_NS_ASSERTIONS = NO;
				GCC_C_LANGUAGE_STANDARD = gnu99;
				GCC_WARN_64_TO_32_BIT_CONVERSION = YES;
				GCC_WARN_ABOUT_RETURN_TYPE = YES_ERROR;
				GCC_WARN_UNDECLARED_SELECTOR = YES;
				GCC_WARN_UNINITIALIZED_AUTOS = YES;
				GCC_WARN_UNUSED_FUNCTION = YES;
				GCC_WARN_UNUSED_VARIABLE = YES;
				IPHONEOS_DEPLOYMENT_TARGET = 6.1;
				SDKROOT = iphoneos;
				VALIDATE_PRODUCT = YES;
			};
			name = Release;
		};
		B202513D182429DE0058D92B /* Debug */ = {
			isa = XCBuildConfiguration;
			buildSettings = {
				ASSETCATALOG_COMPILER_APPICON_NAME = AppIcon;
				ASSETCATALOG_COMPILER_LAUNCHIMAGE_NAME = LaunchImage;
				GCC_PRECOMPILE_PREFIX_HEADER = YES;
				GCC_PREFIX_HEADER = "CCSegmentedControlDemo/CCSegmentedControlDemo-Prefix.pch";
				INFOPLIST_FILE = "CCSegmentedControlDemo/CCSegmentedControlDemo-Info.plist";
				PRODUCT_NAME = "$(TARGET_NAME)";
				WRAPPER_EXTENSION = app;
			};
			name = Debug;
		};
		B202513E182429DE0058D92B /* Release */ = {
			isa = XCBuildConfiguration;
			buildSettings = {
				ASSETCATALOG_COMPILER_APPICON_NAME = AppIcon;
				ASSETCATALOG_COMPILER_LAUNCHIMAGE_NAME = LaunchImage;
				GCC_PRECOMPILE_PREFIX_HEADER = YES;
				GCC_PREFIX_HEADER = "CCSegmentedControlDemo/CCSegmentedControlDemo-Prefix.pch";
				INFOPLIST_FILE = "CCSegmentedControlDemo/CCSegmentedControlDemo-Info.plist";
				PRODUCT_NAME = "$(TARGET_NAME)";
				WRAPPER_EXTENSION = app;
			};
			name = Release;
		};
		B2025140182429DE0058D92B /* Debug */ = {
			isa = XCBuildConfiguration;
			buildSettings = {
				ARCHS = "$(ARCHS_STANDARD_INCLUDING_64_BIT)";
				BUNDLE_LOADER = "$(BUILT_PRODUCTS_DIR)/CCSegmentedControlDemo.app/CCSegmentedControlDemo";
				FRAMEWORK_SEARCH_PATHS = (
					"$(SDKROOT)/Developer/Library/Frameworks",
					"$(inherited)",
					"$(DEVELOPER_FRAMEWORKS_DIR)",
				);
				GCC_PRECOMPILE_PREFIX_HEADER = YES;
				GCC_PREFIX_HEADER = "CCSegmentedControlDemo/CCSegmentedControlDemo-Prefix.pch";
				GCC_PREPROCESSOR_DEFINITIONS = (
					"DEBUG=1",
					"$(inherited)",
				);
				INFOPLIST_FILE = "CCSegmentedControlDemoTests/CCSegmentedControlDemoTests-Info.plist";
				PRODUCT_NAME = "$(TARGET_NAME)";
				TEST_HOST = "$(BUNDLE_LOADER)";
				WRAPPER_EXTENSION = xctest;
			};
			name = Debug;
		};
		B2025141182429DE0058D92B /* Release */ = {
			isa = XCBuildConfiguration;
			buildSettings = {
				ARCHS = "$(ARCHS_STANDARD_INCLUDING_64_BIT)";
				BUNDLE_LOADER = "$(BUILT_PRODUCTS_DIR)/CCSegmentedControlDemo.app/CCSegmentedControlDemo";
				FRAMEWORK_SEARCH_PATHS = (
					"$(SDKROOT)/Developer/Library/Frameworks",
					"$(inherited)",
					"$(DEVELOPER_FRAMEWORKS_DIR)",
				);
				GCC_PRECOMPILE_PREFIX_HEADER = YES;
				GCC_PREFIX_HEADER = "CCSegmentedControlDemo/CCSegmentedControlDemo-Prefix.pch";
				INFOPLIST_FILE = "CCSegmentedControlDemoTests/CCSegmentedControlDemoTests-Info.plist";
				PRODUCT_NAME = "$(TARGET_NAME)";
				TEST_HOST = "$(BUNDLE_LOADER)";
				WRAPPER_EXTENSION = xctest;
			};
			name = Release;
		};
/* End XCBuildConfiguration section */

/* Begin XCConfigurationList section */
		B2025105182429DE0058D92B /* Build configuration list for PBXProject "CCSegmentedControlDemo" */ = {
			isa = XCConfigurationList;
			buildConfigurations = (
				B202513A182429DE0058D92B /* Debug */,
				B202513B182429DE0058D92B /* Release */,
			);
			defaultConfigurationIsVisible = 0;
			defaultConfigurationName = Release;
		};
		B202513C182429DE0058D92B /* Build configuration list for PBXNativeTarget "CCSegmentedControlDemo" */ = {
			isa = XCConfigurationList;
			buildConfigurations = (
				B202513D182429DE0058D92B /* Debug */,
				B202513E182429DE0058D92B /* Release */,
			);
			defaultConfigurationIsVisible = 0;
			defaultConfigurationName = Release;
		};
		B202513F182429DE0058D92B /* Build configuration list for PBXNativeTarget "CCSegmentedControlDemoTests" */ = {
			isa = XCConfigurationList;
			buildConfigurations = (
				B2025140182429DE0058D92B /* Debug */,
				B2025141182429DE0058D92B /* Release */,
			);
			defaultConfigurationIsVisible = 0;
			defaultConfigurationName = Release;
		};
/* End XCConfigurationList section */
	};
	rootObject = B2025102182429DE0058D92B /* Project object */;
}
